
Microsoft Visual Studio Solution File, Format Version 12.00
Project("{FAE04EC0-301F-11D3-BF4B-00C04F79EFBC}") = "LinearSearch", "LinearSearch\LinearSearch.csproj", "{3F63B7F6-9253-4A80-A291-2A7B156E299F}"
EndProject
Project("{FAE04EC0-301F-11D3-BF4B-00C04F79EFBC}") = "BinarySearch", "BinarySearch\BinarySearch.csproj", "{B7ADE5CB-9F55-43AE-BFA5-556E21E96254}"
EndProject
Project("{FAE04EC0-301F-11D3-BF4B-00C04F79EFBC}") = "BubbleSort", "BubbleSort\BubbleSort.csproj", "{14A82A5C-C0AD-4AFC-9A0B-9ADF0F06F360}"
EndProject
Global
	GlobalSection(SolutionConfigurationPlatforms) = preSolution
		Debug|Any CPU = Debug|Any CPU
		Release|Any CPU = Release|Any CPU
	EndGlobalSection
	GlobalSection(ProjectConfigurationPlatforms) = postSolution
		{3F63B7F6-9253-4A80-A291-2A7B156E299F}.Debug|Any CPU.ActiveCfg = Debug|Any CPU
		{3F63B7F6-9253-4A80-A291-2A7B156E299F}.Debug|Any CPU.Build.0 = Debug|Any CPU
		{3F63B7F6-9253-4A80-A291-2A7B156E299F}.Release|Any CPU.ActiveCfg = Release|Any CPU
		{3F63B7F6-9253-4A80-A291-2A7B156E299F}.Release|Any CPU.Build.0 = Release|Any CPU
		{B7ADE5CB-9F55-43AE-BFA5-556E21E96254}.Debug|Any CPU.ActiveCfg = Debug|Any CPU
		{B7ADE5CB-9F55-43AE-BFA5-556E21E96254}.Debug|Any CPU.Build.0 = Debug|Any CPU
		{B7ADE5CB-9F55-43AE-BFA5-556E21E96254}.Release|Any CPU.ActiveCfg = Release|Any CPU
		{B7ADE5CB-9F55-43AE-BFA5-556E21E96254}.Release|Any CPU.Build.0 = Release|Any CPU
		{14A82A5C-C0AD-4AFC-9A0B-9ADF0F06F360}.Debug|Any CPU.ActiveCfg = Debug|Any CPU
		{14A82A5C-C0AD-4AFC-9A0B-9ADF0F06F360}.Debug|Any CPU.Build.0 = Debug|Any CPU
		{14A82A5C-C0AD-4AFC-9A0B-9ADF0F06F360}.Release|Any CPU.ActiveCfg = Release|Any CPU
		{14A82A5C-C0AD-4AFC-9A0B-9ADF0F06F360}.Release|Any CPU.Build.0 = Release|Any CPU
	EndGlobalSection
EndGlobal
